Microsoft Visual Studio Solution File, Format Version 11.00
# Visual Studio 2008

Project("{2717C428-97E2-1D23-3513-EB4F3B8EE401}") = "Top-Speed", "Assembly-CSharp.csproj", "{84207C60-6876-E705-C99A-BA089F213C4C}"
EndProject
Project("{2717C428-97E2-1D23-3513-EB4F3B8EE401}") = "Top-Speed", "Assembly-UnityScript.unityproj", "{29104FE3-8CF4-E773-B523-22F93AD12A47}"
EndProject
Global
	GlobalSection(SolutionConfigurationPlatforms) = preSolution
		Debug|Any CPU = Debug|Any CPU
		Release|Any CPU = Release|Any CPU
	EndGlobalSection
	GlobalSection(ProjectConfigurationPlatforms) = postSolution
		{84207C60-6876-E705-C99A-BA089F213C4C}.Debug|Any CPU.ActiveCfg = Debug|Any CPU
		{84207C60-6876-E705-C99A-BA089F213C4C}.Debug|Any CPU.Build.0 = Debug|Any CPU
		{84207C60-6876-E705-C99A-BA089F213C4C}.Release|Any CPU.ActiveCfg = Release|Any CPU
		{84207C60-6876-E705-C99A-BA089F213C4C}.Release|Any CPU.Build.0 = Release|Any CPU
		{29104FE3-8CF4-E773-B523-22F93AD12A47}.Debug|Any CPU.ActiveCfg = Debug|Any CPU
		{29104FE3-8CF4-E773-B523-22F93AD12A47}.Debug|Any CPU.Build.0 = Debug|Any CPU
		{29104FE3-8CF4-E773-B523-22F93AD12A47}.Release|Any CPU.ActiveCfg = Release|Any CPU
		{29104FE3-8CF4-E773-B523-22F93AD12A47}.Release|Any CPU.Build.0 = Release|Any CPU
	EndGlobalSection
	GlobalSection(SolutionProperties) = preSolution
		HideSolutionNode = FALSE
	EndGlobalSection
							GlobalSection(MonoDevelopProperties) = preSolution
		StartupItem = Assembly-CSharp.csproj
		Policies = $0
		$0.TextStylePolicy = $1
		$1.inheritsSet = null
		$1.scope = text/x-csharp
		$0.CSharpFormattingPolicy = $2
		$2.inheritsSet = Mono
		$2.inheritsScope = text/x-csharp
		$2.scope = text/x-csharp
		$0.TextStylePolicy = $3
		$3.FileWidth = 120
		$3.TabWidth = 4
		$3.IndentWidth = 4
		$3.EolMarker = Unix
		$3.inheritsSet = Mono
		$3.inheritsScope = text/plain
		$3.scope = text/plain
	EndGlobalSection

EndGlobal
